
Microsoft Visual Studio Solution File, Format Version 12.00
# Visual Studio Version 17
VisualStudioVersion = 17.3.32825.248
MinimumVisualStudioVersion = 10.0.40219.1
Project("{9A19103F-16F7-4668-BE54-9A1E7A4F7556}") = "SudokuSupreme", "SudokuSupreme\SudokuSupreme.csproj", "{4A758BBC-A97A-48F8-8024-39FF950FAB12}"
EndProject
Project("{9A19103F-16F7-4668-BE54-9A1E7A4F7556}") = "Utility", "Utility\Utility.csproj", "{3D958640-F4A4-4BA4-A664-067682C40B68}"
EndProject
Project("{9A19103F-16F7-4668-BE54-9A1E7A4F7556}") = "Presentation", "UI\Presentation.csproj", "{0E666039-B477-4206-8C9E-D2D511579EEF}"
EndProject
Project("{9A19103F-16F7-4668-BE54-9A1E7A4F7556}") = "Logic", "Logic\Logic.csproj", "{2B58308B-B90B-4BBB-A79C-88AAAB55809D}"
EndProject
Project("{FAE04EC0-301F-11D3-BF4B-00C04F79EFBC}") = "Tests", "Tests\Tests.csproj", "{5D0ABBE5-15B7-49C7-A418-900454C774A2}"
EndProject
Global
	GlobalSection(SolutionConfigurationPlatforms) = preSolution
		Debug|Any CPU = Debug|Any CPU
		Release|Any CPU = Release|Any CPU
	EndGlobalSection
	GlobalSection(ProjectConfigurationPlatforms) = postSolution
		{4A758BBC-A97A-48F8-8024-39FF950FAB12}.Debug|Any CPU.ActiveCfg = Debug|Any CPU
		{4A758BBC-A97A-48F8-8024-39FF950FAB12}.Debug|Any CPU.Build.0 = Debug|Any CPU
		{4A758BBC-A97A-48F8-8024-39FF950FAB12}.Release|Any CPU.ActiveCfg = Release|Any CPU
		{4A758BBC-A97A-48F8-8024-39FF950FAB12}.Release|Any CPU.Build.0 = Release|Any CPU
		{3D958640-F4A4-4BA4-A664-067682C40B68}.Debug|Any CPU.ActiveCfg = Debug|Any CPU
		{3D958640-F4A4-4BA4-A664-067682C40B68}.Debug|Any CPU.Build.0 = Debug|Any CPU
		{3D958640-F4A4-4BA4-A664-067682C40B68}.Release|Any CPU.ActiveCfg = Release|Any CPU
		{3D958640-F4A4-4BA4-A664-067682C40B68}.Release|Any CPU.Build.0 = Release|Any CPU
		{0E666039-B477-4206-8C9E-D2D511579EEF}.Debug|Any CPU.ActiveCfg = Debug|Any CPU
		{0E666039-B477-4206-8C9E-D2D511579EEF}.Debug|Any CPU.Build.0 = Debug|Any CPU
		{0E666039-B477-4206-8C9E-D2D511579EEF}.Release|Any CPU.ActiveCfg = Release|Any CPU
		{0E666039-B477-4206-8C9E-D2D511579EEF}.Release|Any CPU.Build.0 = Release|Any CPU
		{2B58308B-B90B-4BBB-A79C-88AAAB55809D}.Debug|Any CPU.ActiveCfg = Debug|Any CPU
		{2B58308B-B90B-4BBB-A79C-88AAAB55809D}.Debug|Any CPU.Build.0 = Debug|Any CPU
		{2B58308B-B90B-4BBB-A79C-88AAAB55809D}.Release|Any CPU.ActiveCfg = Release|Any CPU
		{2B58308B-B90B-4BBB-A79C-88AAAB55809D}.Release|Any CPU.Build.0 = Release|Any CPU
		{5D0ABBE5-15B7-49C7-A418-900454C774A2}.Debug|Any CPU.ActiveCfg = Debug|Any CPU
		{5D0ABBE5-15B7-49C7-A418-900454C774A2}.Debug|Any CPU.Build.0 = Debug|Any CPU
		{5D0ABBE5-15B7-49C7-A418-900454C774A2}.Release|Any CPU.ActiveCfg = Release|Any CPU
		{5D0ABBE5-15B7-49C7-A418-900454C774A2}.Release|Any CPU.Build.0 = Release|Any CPU
	EndGlobalSection
	GlobalSection(SolutionProperties) = preSolution
		HideSolutionNode = FALSE
	EndGlobalSection
	GlobalSection(ExtensibilityGlobals) = postSolution
		SolutionGuid = {E4EA1BB9-0D44-4528-9129-7CA8B513CAB9}
	EndGlobalSection
EndGlobal
